{
  "version": 4,
  "terraform_version": "1.4.2",
  "serial": 9,
  "lineage": "e9e3585b-0407-127a-be6a-df00341673b3",
  "outputs": {
    "id-test": {
      "value": "98a53ed5b861754f2db8924aefa8f8620dd50eee",
      "type": "string"
    }
  },
  "resources": [
    {
      "mode": "data",
      "type": "local_file",
      "name": "test",
      "provider": "provider[\"registry.terraform.io/hashicorp/local\"]",
      "instances": [
        {
          "schema_version": 0,
          "attributes": {
            "content": "I am a content",
            "content_base64": "SSBhbSBhIGNvbnRlbnQ=",
            "content_base64sha256": "IYvy/39x23oIwVWmlT9+aNyZM49RlXYDuPqkkFVTRFA=",
            "content_base64sha512": "MeVv0bIpZK8bS6wvQ57uKNGub/ANczRLrpcTnmVQLxxZRzr1VEL0vThZvJH/tDkFFBG7nfaTH8AY/31mqPOxeg==",
            "content_md5": "6a82ceea38fbb344fd671d726401543b",
            "content_sha1": "98a53ed5b861754f2db8924aefa8f8620dd50eee",
            "content_sha256": "218bf2ff7f71db7a08c155a6953f7e68dc99338f51957603b8faa49055534450",
            "content_sha512": "31e56fd1b22964af1b4bac2f439eee28d1ae6ff00d73344bae97139e65502f1c59473af55442f4bd3859bc91ffb439051411bb9df6931fc018ff7d66a8f3b17a",
            "filename": "test.txt",
            "id": "98a53ed5b861754f2db8924aefa8f8620dd50eee"
          },
          "sensitive_attributes": []
        }
      ]
    },
    {
      "mode": "managed",
      "type": "local_file",
      "name": "test",
      "provider": "provider[\"registry.terraform.io/hashicorp/local\"]",
      "instances": [
        {
          "schema_version": 0,
          "attributes": {
            "content": "I am a content",
            "content_base64": null,
            "content_base64sha256": "IYvy/39x23oIwVWmlT9+aNyZM49RlXYDuPqkkFVTRFA=",
            "content_base64sha512": "MeVv0bIpZK8bS6wvQ57uKNGub/ANczRLrpcTnmVQLxxZRzr1VEL0vThZvJH/tDkFFBG7nfaTH8AY/31mqPOxeg==",
            "content_md5": "6a82ceea38fbb344fd671d726401543b",
            "content_sha1": "98a53ed5b861754f2db8924aefa8f8620dd50eee",
            "content_sha256": "218bf2ff7f71db7a08c155a6953f7e68dc99338f51957603b8faa49055534450",
            "content_sha512": "31e56fd1b22964af1b4bac2f439eee28d1ae6ff00d73344bae97139e65502f1c59473af55442f4bd3859bc91ffb439051411bb9df6931fc018ff7d66a8f3b17a",
            "directory_permission": "0777",
            "file_permission": "0777",
            "filename": "test.txt",
            "id": "98a53ed5b861754f2db8924aefa8f8620dd50eee",
            "sensitive_content": null,
            "source": null
          },
          "sensitive_attributes": []
        }
      ]
    }
  ],
  "check_results": null
}
